
Microsoft Visual Studio Solution File, Format Version 12.00
# Visual Studio Version 16
VisualStudioVersion = 16.0.28711.60
MinimumVisualStudioVersion = 10.0.40219.1
Project("{9A19103F-16F7-4668-BE54-9A1E7A4F7556}") = "XUnitTest_Master_Kitchen", "XUnitTest_Master_Kitchen\XUnitTest_Master_Kitchen.csproj", "{2D164D5E-7DE2-49CD-B665-57AD869186EE}"
EndProject
Global
	GlobalSection(SolutionConfigurationPlatforms) = preSolution
		Debug|Any CPU = Debug|Any CPU
		Release|Any CPU = Release|Any CPU
	EndGlobalSection
	GlobalSection(ProjectConfigurationPlatforms) = postSolution
		{2D164D5E-7DE2-49CD-B665-57AD869186EE}.Debug|Any CPU.ActiveCfg = Debug|Any CPU
		{2D164D5E-7DE2-49CD-B665-57AD869186EE}.Debug|Any CPU.Build.0 = Debug|Any CPU
		{2D164D5E-7DE2-49CD-B665-57AD869186EE}.Release|Any CPU.ActiveCfg = Release|Any CPU
		{2D164D5E-7DE2-49CD-B665-57AD869186EE}.Release|Any CPU.Build.0 = Release|Any CPU
	EndGlobalSection
	GlobalSection(SolutionProperties) = preSolution
		HideSolutionNode = FALSE
	EndGlobalSection
	GlobalSection(ExtensibilityGlobals) = postSolution
		SolutionGuid = {64CA979B-7C94-44C7-8BAC-CDCCCE3DEE1E}
	EndGlobalSection
EndGlobal
